
Microsoft Visual Studio Solution File, Format Version 12.00
# Visual Studio Version 17
VisualStudioVersion = 17.0.31903.59
MinimumVisualStudioVersion = 10.0.40219.1
Project("{2150E333-8FDC-42A3-9474-1A3956D46DE8}") = "src", "src", "{827E0CD3-B72D-47B6-A68D-7590B98EB39B}"
EndProject
Project("{FAE04EC0-301F-11D3-BF4B-00C04F79EFBC}") = "BolaoCopa.Api", "src\BolaoCopa.Api\BolaoCopa.Api.csproj", "{09701DA5-1A81-4050-8DBB-F3188D9B7C89}"
EndProject
Project("{FAE04EC0-301F-11D3-BF4B-00C04F79EFBC}") = "BolaoCopa.Application", "src\BolaoCopa.Application\BolaoCopa.Application.csproj", "{6CADFC02-12FA-43F9-A434-B8DEAD4EB9E1}"
EndProject
Project("{FAE04EC0-301F-11D3-BF4B-00C04F79EFBC}") = "BolaoCopa.Domain", "src\BolaoCopa.Domain\BolaoCopa.Domain.csproj", "{3B43BA6F-BA25-496F-892A-D7FA353B2698}"
EndProject
Project("{FAE04EC0-301F-11D3-BF4B-00C04F79EFBC}") = "BolaoCopa.Infrastructure", "src\BolaoCopa.Infrastructure\BolaoCopa.Infrastructure.csproj", "{020CD1F1-01CC-4498-9F32-CF0F6145DD5B}"
EndProject
Project("{2150E333-8FDC-42A3-9474-1A3956D46DE8}") = "tests", "tests", "{0AB3BF05-4346-4AA6-1389-037BE0695223}"
EndProject
Project("{FAE04EC0-301F-11D3-BF4B-00C04F79EFBC}") = "BolaoCopa.Tests", "tests\BolaoCopa.Tests\BolaoCopa.Tests.csproj", "{069D041B-E1F6-48FA-BD42-4DA276630E51}"
EndProject
Global
	GlobalSection(SolutionConfigurationPlatforms) = preSolution
		Debug|Any CPU = Debug|Any CPU
		Debug|x64 = Debug|x64
		Debug|x86 = Debug|x86
		Release|Any CPU = Release|Any CPU
		Release|x64 = Release|x64
		Release|x86 = Release|x86
	EndGlobalSection
	GlobalSection(ProjectConfigurationPlatforms) = postSolution
		{09701DA5-1A81-4050-8DBB-F3188D9B7C89}.Debug|Any CPU.ActiveCfg = Debug|Any CPU
		{09701DA5-1A81-4050-8DBB-F3188D9B7C89}.Debug|Any CPU.Build.0 = Debug|Any CPU
		{09701DA5-1A81-4050-8DBB-F3188D9B7C89}.Debug|x64.ActiveCfg = Debug|Any CPU
		{09701DA5-1A81-4050-8DBB-F3188D9B7C89}.Debug|x64.Build.0 = Debug|Any CPU
		{09701DA5-1A81-4050-8DBB-F3188D9B7C89}.Debug|x86.ActiveCfg = Debug|Any CPU
		{09701DA5-1A81-4050-8DBB-F3188D9B7C89}.Debug|x86.Build.0 = Debug|Any CPU
		{09701DA5-1A81-4050-8DBB-F3188D9B7C89}.Release|Any CPU.ActiveCfg = Release|Any CPU
		{09701DA5-1A81-4050-8DBB-F3188D9B7C89}.Release|Any CPU.Build.0 = Release|Any CPU
		{09701DA5-1A81-4050-8DBB-F3188D9B7C89}.Release|x64.ActiveCfg = Release|Any CPU
		{09701DA5-1A81-4050-8DBB-F3188D9B7C89}.Release|x64.Build.0 = Release|Any CPU
		{09701DA5-1A81-4050-8DBB-F3188D9B7C89}.Release|x86.ActiveCfg = Release|Any CPU
		{09701DA5-1A81-4050-8DBB-F3188D9B7C89}.Release|x86.Build.0 = Release|Any CPU
		{6CADFC02-12FA-43F9-A434-B8DEAD4EB9E1}.Debug|Any CPU.ActiveCfg = Debug|Any CPU
		{6CADFC02-12FA-43F9-A434-B8DEAD4EB9E1}.Debug|Any CPU.Build.0 = Debug|Any CPU
		{6CADFC02-12FA-43F9-A434-B8DEAD4EB9E1}.Debug|x64.ActiveCfg = Debug|Any CPU
		{6CADFC02-12FA-43F9-A434-B8DEAD4EB9E1}.Debug|x64.Build.0 = Debug|Any CPU
		{6CADFC02-12FA-43F9-A434-B8DEAD4EB9E1}.Debug|x86.ActiveCfg = Debug|Any CPU
		{6CADFC02-12FA-43F9-A434-B8DEAD4EB9E1}.Debug|x86.Build.0 = Debug|Any CPU
		{6CADFC02-12FA-43F9-A434-B8DEAD4EB9E1}.Release|Any CPU.ActiveCfg = Release|Any CPU
		{6CADFC02-12FA-43F9-A434-B8DEAD4EB9E1}.Release|Any CPU.Build.0 = Release|Any CPU
		{6CADFC02-12FA-43F9-A434-B8DEAD4EB9E1}.Release|x64.ActiveCfg = Release|Any CPU
		{6CADFC02-12FA-43F9-A434-B8DEAD4EB9E1}.Release|x64.Build.0 = Release|Any CPU
		{6CADFC02-12FA-43F9-A434-B8DEAD4EB9E1}.Release|x86.ActiveCfg = Release|Any CPU
		{6CADFC02-12FA-43F9-A434-B8DEAD4EB9E1}.Release|x86.Build.0 = Release|Any CPU
		{3B43BA6F-BA25-496F-892A-D7FA353B2698}.Debug|Any CPU.ActiveCfg = Debug|Any CPU
		{3B43BA6F-BA25-496F-892A-D7FA353B2698}.Debug|Any CPU.Build.0 = Debug|Any CPU
		{3B43BA6F-BA25-496F-892A-D7FA353B2698}.Debug|x64.ActiveCfg = Debug|Any CPU
		{3B43BA6F-BA25-496F-892A-D7FA353B2698}.Debug|x64.Build.0 = Debug|Any CPU
		{3B43BA6F-BA25-496F-892A-D7FA353B2698}.Debug|x86.ActiveCfg = Debug|Any CPU
		{3B43BA6F-BA25-496F-892A-D7FA353B2698}.Debug|x86.Build.0 = Debug|Any CPU
		{3B43BA6F-BA25-496F-892A-D7FA353B2698}.Release|Any CPU.ActiveCfg = Release|Any CPU
		{3B43BA6F-BA25-496F-892A-D7FA353B2698}.Release|Any CPU.Build.0 = Release|Any CPU
		{3B43BA6F-BA25-496F-892A-D7FA353B2698}.Release|x64.ActiveCfg = Release|Any CPU
		{3B43BA6F-BA25-496F-892A-D7FA353B2698}.Release|x64.Build.0 = Release|Any CPU
		{3B43BA6F-BA25-496F-892A-D7FA353B2698}.Release|x86.ActiveCfg = Release|Any CPU
		{3B43BA6F-BA25-496F-892A-D7FA353B2698}.Release|x86.Build.0 = Release|Any CPU
		{020CD1F1-01CC-4498-9F32-CF0F6145DD5B}.Debug|Any CPU.ActiveCfg = Debug|Any CPU
		{020CD1F1-01CC-4498-9F32-CF0F6145DD5B}.Debug|Any CPU.Build.0 = Debug|Any CPU
		{020CD1F1-01CC-4498-9F32-CF0F6145DD5B}.Debug|x64.ActiveCfg = Debug|Any CPU
		{020CD1F1-01CC-4498-9F32-CF0F6145DD5B}.Debug|x64.Build.0 = Debug|Any CPU
		{020CD1F1-01CC-4498-9F32-CF0F6145DD5B}.Debug|x86.ActiveCfg = Debug|Any CPU
		{020CD1F1-01CC-4498-9F32-CF0F6145DD5B}.Debug|x86.Build.0 = Debug|Any CPU
		{020CD1F1-01CC-4498-9F32-CF0F6145DD5B}.Release|Any CPU.ActiveCfg = Release|Any CPU
		{020CD1F1-01CC-4498-9F32-CF0F6145DD5B}.Release|Any CPU.Build.0 = Release|Any CPU
		{020CD1F1-01CC-4498-9F32-CF0F6145DD5B}.Release|x64.ActiveCfg = Release|Any CPU
		{020CD1F1-01CC-4498-9F32-CF0F6145DD5B}.Release|x64.Build.0 = Release|Any CPU
		{020CD1F1-01CC-4498-9F32-CF0F6145DD5B}.Release|x86.ActiveCfg = Release|Any CPU
		{020CD1F1-01CC-4498-9F32-CF0F6145DD5B}.Release|x86.Build.0 = Release|Any CPU
		{069D041B-E1F6-48FA-BD42-4DA276630E51}.Debug|Any CPU.ActiveCfg = Debug|Any CPU
		{069D041B-E1F6-48FA-BD42-4DA276630E51}.Debug|Any CPU.Build.0 = Debug|Any CPU
		{069D041B-E1F6-48FA-BD42-4DA276630E51}.Debug|x64.ActiveCfg = Debug|Any CPU
		{069D041B-E1F6-48FA-BD42-4DA276630E51}.Debug|x64.Build.0 = Debug|Any CPU
		{069D041B-E1F6-48FA-BD42-4DA276630E51}.Debug|x86.ActiveCfg = Debug|Any CPU
		{069D041B-E1F6-48FA-BD42-4DA276630E51}.Debug|x86.Build.0 = Debug|Any CPU
		{069D041B-E1F6-48FA-BD42-4DA276630E51}.Release|Any CPU.ActiveCfg = Release|Any CPU
		{069D041B-E1F6-48FA-BD42-4DA276630E51}.Release|Any CPU.Build.0 = Release|Any CPU
		{069D041B-E1F6-48FA-BD42-4DA276630E51}.Release|x64.ActiveCfg = Release|Any CPU
		{069D041B-E1F6-48FA-BD42-4DA276630E51}.Release|x64.Build.0 = Release|Any CPU
		{069D041B-E1F6-48FA-BD42-4DA276630E51}.Release|x86.ActiveCfg = Release|Any CPU
		{069D041B-E1F6-48FA-BD42-4DA276630E51}.Release|x86.Build.0 = Release|Any CPU
	EndGlobalSection
	GlobalSection(SolutionProperties) = preSolution
		HideSolutionNode = FALSE
	EndGlobalSection
	GlobalSection(NestedProjects) = preSolution
		{09701DA5-1A81-4050-8DBB-F3188D9B7C89} = {827E0CD3-B72D-47B6-A68D-7590B98EB39B}
		{6CADFC02-12FA-43F9-A434-B8DEAD4EB9E1} = {827E0CD3-B72D-47B6-A68D-7590B98EB39B}
		{3B43BA6F-BA25-496F-892A-D7FA353B2698} = {827E0CD3-B72D-47B6-A68D-7590B98EB39B}
		{020CD1F1-01CC-4498-9F32-CF0F6145DD5B} = {827E0CD3-B72D-47B6-A68D-7590B98EB39B}
		{069D041B-E1F6-48FA-BD42-4DA276630E51} = {0AB3BF05-4346-4AA6-1389-037BE0695223}
	EndGlobalSection
EndGlobal
